
Microsoft Visual Studio Solution File, Format Version 12.00
# Visual Studio Version 17
VisualStudioVersion = 17.3.32929.385
MinimumVisualStudioVersion = 10.0.40219.1
Project("{9A19103F-16F7-4668-BE54-9A1E7A4F7556}") = "FinalProject", "FinalProject\FinalProject.csproj", "{41E7F2E6-5672-454F-925F-2F31941A7FD2}"
EndProject
Project("{2150E333-8FDC-42A3-9474-1A3956D46DE8}") = "Model", "Model", "{F2DDE455-7FA0-4F1F-ACF8-67A87A09879B}"
EndProject
Project("{2150E333-8FDC-42A3-9474-1A3956D46DE8}") = "Service", "Service", "{E2809D4C-E664-4126-9177-6143B0B66FEC}"
EndProject
Project("{2150E333-8FDC-42A3-9474-1A3956D46DE8}") = "Controller", "Controller", "{D2BFFC00-F2BF-4586-ACF8-0B427552A336}"
EndProject
Project("{9A19103F-16F7-4668-BE54-9A1E7A4F7556}") = "Subscriber_Service_Dal", "Subsriber_Service\Subscriber_Service_Dal.csproj", "{5E05CF40-1AF8-4A64-B92C-974FF4AA8635}"
EndProject
Project("{9A19103F-16F7-4668-BE54-9A1E7A4F7556}") = "Subscriber_Service_Bl", "Subscriber_Service_Bl\Subscriber_Service_Bl.csproj", "{367E70A9-0A89-47B3-B690-C3998FE401EE}"
EndProject
Project("{9A19103F-16F7-4668-BE54-9A1E7A4F7556}") = "Subscriber_CORE", "Subscriber.CORE\Subscriber_CORE.csproj", "{78FACDE8-0DAE-4433-A2E7-BA6B31EF13BC}"
EndProject
Project("{9A19103F-16F7-4668-BE54-9A1E7A4F7556}") = "Subscriber_Data", "Subscriber.Data\Subscriber_Data.csproj", "{B98F9CA5-5D4E-4DA5-B657-5E6F78ADF9BD}"
EndProject
Global
	GlobalSection(SolutionConfigurationPlatforms) = preSolution
		Debug|Any CPU = Debug|Any CPU
		Release|Any CPU = Release|Any CPU
	EndGlobalSection
	GlobalSection(ProjectConfigurationPlatforms) = postSolution
		{41E7F2E6-5672-454F-925F-2F31941A7FD2}.Debug|Any CPU.ActiveCfg = Debug|Any CPU
		{41E7F2E6-5672-454F-925F-2F31941A7FD2}.Debug|Any CPU.Build.0 = Debug|Any CPU
		{41E7F2E6-5672-454F-925F-2F31941A7FD2}.Release|Any CPU.ActiveCfg = Release|Any CPU
		{41E7F2E6-5672-454F-925F-2F31941A7FD2}.Release|Any CPU.Build.0 = Release|Any CPU
		{5E05CF40-1AF8-4A64-B92C-974FF4AA8635}.Debug|Any CPU.ActiveCfg = Debug|Any CPU
		{5E05CF40-1AF8-4A64-B92C-974FF4AA8635}.Debug|Any CPU.Build.0 = Debug|Any CPU
		{5E05CF40-1AF8-4A64-B92C-974FF4AA8635}.Release|Any CPU.ActiveCfg = Release|Any CPU
		{5E05CF40-1AF8-4A64-B92C-974FF4AA8635}.Release|Any CPU.Build.0 = Release|Any CPU
		{367E70A9-0A89-47B3-B690-C3998FE401EE}.Debug|Any CPU.ActiveCfg = Debug|Any CPU
		{367E70A9-0A89-47B3-B690-C3998FE401EE}.Debug|Any CPU.Build.0 = Debug|Any CPU
		{367E70A9-0A89-47B3-B690-C3998FE401EE}.Release|Any CPU.ActiveCfg = Release|Any CPU
		{367E70A9-0A89-47B3-B690-C3998FE401EE}.Release|Any CPU.Build.0 = Release|Any CPU
		{78FACDE8-0DAE-4433-A2E7-BA6B31EF13BC}.Debug|Any CPU.ActiveCfg = Debug|Any CPU
		{78FACDE8-0DAE-4433-A2E7-BA6B31EF13BC}.Debug|Any CPU.Build.0 = Debug|Any CPU
		{78FACDE8-0DAE-4433-A2E7-BA6B31EF13BC}.Release|Any CPU.ActiveCfg = Release|Any CPU
		{78FACDE8-0DAE-4433-A2E7-BA6B31EF13BC}.Release|Any CPU.Build.0 = Release|Any CPU
		{B98F9CA5-5D4E-4DA5-B657-5E6F78ADF9BD}.Debug|Any CPU.ActiveCfg = Debug|Any CPU
		{B98F9CA5-5D4E-4DA5-B657-5E6F78ADF9BD}.Debug|Any CPU.Build.0 = Debug|Any CPU
		{B98F9CA5-5D4E-4DA5-B657-5E6F78ADF9BD}.Release|Any CPU.ActiveCfg = Release|Any CPU
		{B98F9CA5-5D4E-4DA5-B657-5E6F78ADF9BD}.Release|Any CPU.Build.0 = Release|Any CPU
	EndGlobalSection
	GlobalSection(SolutionProperties) = preSolution
		HideSolutionNode = FALSE
	EndGlobalSection
	GlobalSection(NestedProjects) = preSolution
		{41E7F2E6-5672-454F-925F-2F31941A7FD2} = {D2BFFC00-F2BF-4586-ACF8-0B427552A336}
		{5E05CF40-1AF8-4A64-B92C-974FF4AA8635} = {E2809D4C-E664-4126-9177-6143B0B66FEC}
		{367E70A9-0A89-47B3-B690-C3998FE401EE} = {E2809D4C-E664-4126-9177-6143B0B66FEC}
		{78FACDE8-0DAE-4433-A2E7-BA6B31EF13BC} = {F2DDE455-7FA0-4F1F-ACF8-67A87A09879B}
		{B98F9CA5-5D4E-4DA5-B657-5E6F78ADF9BD} = {F2DDE455-7FA0-4F1F-ACF8-67A87A09879B}
	EndGlobalSection
	GlobalSection(ExtensibilityGlobals) = postSolution
		SolutionGuid = {E1D233F0-8915-4D0B-81E8-853B5FD080D6}
	EndGlobalSection
EndGlobal
